
Microsoft Visual Studio Solution File, Format Version 12.00
# Visual Studio Version 17
VisualStudioVersion = 17.2.32210.308
MinimumVisualStudioVersion = 10.0.40219.1
Project("{FAE04EC0-301F-11D3-BF4B-00C04F79EFBC}") = "Messenger", "Messenger.csproj", "{032DA646-034F-443F-A349-4F01E9B88D17}"
EndProject
Global
	GlobalSection(SolutionConfigurationPlatforms) = preSolution
		Debug|Any CPU = Debug|Any CPU
		Release|Any CPU = Release|Any CPU
	EndGlobalSection
	GlobalSection(ProjectConfigurationPlatforms) = postSolution
		{032DA646-034F-443F-A349-4F01E9B88D17}.Debug|Any CPU.ActiveCfg = Debug|Any CPU
		{032DA646-034F-443F-A349-4F01E9B88D17}.Debug|Any CPU.Build.0 = Debug|Any CPU
		{032DA646-034F-443F-A349-4F01E9B88D17}.Release|Any CPU.ActiveCfg = Release|Any CPU
		{032DA646-034F-443F-A349-4F01E9B88D17}.Release|Any CPU.Build.0 = Release|Any CPU
	EndGlobalSection
	GlobalSection(SolutionProperties) = preSolution
		HideSolutionNode = FALSE
	EndGlobalSection
	GlobalSection(ExtensibilityGlobals) = postSolution
		SolutionGuid = {21733A15-0BE7-4C1F-8443-429FA2B5BD96}
	EndGlobalSection
EndGlobal
